
Microsoft Visual Studio Solution File, Format Version 12.00
# Visual Studio Version 17
VisualStudioVersion = 17.11.35327.3
MinimumVisualStudioVersion = 10.0.40219.1
Project("{E24C65DC-7377-472B-9ABA-BC803B73C61A}") = "t3project", "t3project\", "{92079F6F-77C5-4E4B-ADA3-E9D0C6B9A2FA}"
	ProjectSection(WebsiteProperties) = preProject
		TargetFrameworkMoniker = ".NETFramework,Version%3Dv4.7.2"
		Debug.AspNetCompiler.VirtualPath = "/localhost_7502"
		Debug.AspNetCompiler.PhysicalPath = "t3project\"
		Debug.AspNetCompiler.TargetPath = "PrecompiledWeb\localhost_7502\"
		Debug.AspNetCompiler.Updateable = "true"
		Debug.AspNetCompiler.ForceOverwrite = "true"
		Debug.AspNetCompiler.FixedNames = "false"
		Debug.AspNetCompiler.Debug = "True"
		Release.AspNetCompiler.VirtualPath = "/localhost_7502"
		Release.AspNetCompiler.PhysicalPath = "t3project\"
		Release.AspNetCompiler.TargetPath = "PrecompiledWeb\localhost_7502\"
		Release.AspNetCompiler.Updateable = "true"
		Release.AspNetCompiler.ForceOverwrite = "true"
		Release.AspNetCompiler.FixedNames = "false"
		Release.AspNetCompiler.Debug = "False"
		VWDPort = "7502"
		SlnRelativePath = "t3project\"
		DefaultWebSiteLanguage = "Visual C#"
	EndProjectSection
EndProject
Global
	GlobalSection(SolutionConfigurationPlatforms) = preSolution
		Debug|Any CPU = Debug|Any CPU
	EndGlobalSection
	GlobalSection(ProjectConfigurationPlatforms) = postSolution
		{92079F6F-77C5-4E4B-ADA3-E9D0C6B9A2FA}.Debug|Any CPU.ActiveCfg = Debug|Any CPU
		{92079F6F-77C5-4E4B-ADA3-E9D0C6B9A2FA}.Debug|Any CPU.Build.0 = Debug|Any CPU
	EndGlobalSection
	GlobalSection(SolutionProperties) = preSolution
		HideSolutionNode = FALSE
	EndGlobalSection
	GlobalSection(ExtensibilityGlobals) = postSolution
		SolutionGuid = {23AEEB6A-48FA-4C12-80B4-C5E6109CA0EC}
	EndGlobalSection
EndGlobal
